
Microsoft Visual Studio Solution File, Format Version 12.00
# Visual Studio Version 17
VisualStudioVersion = 17.5.002.0
MinimumVisualStudioVersion = 10.0.40219.1
Project("{9A19103F-16F7-4668-BE54-9A1E7A4F7556}") = "API", "API.csproj", "{38B02B99-7858-4184-9E70-3FC50231F9F4}"
EndProject
Global
	GlobalSection(SolutionConfigurationPlatforms) = preSolution
		Debug|Any CPU = Debug|Any CPU
		Release|Any CPU = Release|Any CPU
	EndGlobalSection
	GlobalSection(ProjectConfigurationPlatforms) = postSolution
		{38B02B99-7858-4184-9E70-3FC50231F9F4}.Debug|Any CPU.ActiveCfg = Debug|Any CPU
		{38B02B99-7858-4184-9E70-3FC50231F9F4}.Debug|Any CPU.Build.0 = Debug|Any CPU
		{38B02B99-7858-4184-9E70-3FC50231F9F4}.Release|Any CPU.ActiveCfg = Release|Any CPU
		{38B02B99-7858-4184-9E70-3FC50231F9F4}.Release|Any CPU.Build.0 = Release|Any CPU
	EndGlobalSection
	GlobalSection(SolutionProperties) = preSolution
		HideSolutionNode = FALSE
	EndGlobalSection
	GlobalSection(ExtensibilityGlobals) = postSolution
		SolutionGuid = {031311EF-A043-4455-BA69-F68C1F25097C}
	EndGlobalSection
EndGlobal
